
Microsoft Visual Studio Solution File, Format Version 12.00
# Visual Studio Version 17
VisualStudioVersion = 17.8.34330.188
MinimumVisualStudioVersion = 10.0.40219.1
Project("{9A19103F-16F7-4668-BE54-9A1E7A4F7556}") = "API", "E-Commerce\API.csproj", "{7671A419-A484-4E5B-BC32-15D89A73C197}"
EndProject
Project("{2150E333-8FDC-42A3-9474-1A3956D46DE8}") = "Modules", "Modules", "{04F94A8B-D372-4243-A383-DE732F4ED289}"
EndProject
Project("{2150E333-8FDC-42A3-9474-1A3956D46DE8}") = "Inventories", "Inventories", "{EB57D2B8-5E74-4F31-8844-CD267C22A54E}"
EndProject
Project("{2150E333-8FDC-42A3-9474-1A3956D46DE8}") = "Notifications", "Notifications", "{868576CA-D0F0-41D7-9BA2-CAA4A4F81FE3}"
EndProject
Project("{2150E333-8FDC-42A3-9474-1A3956D46DE8}") = "Orders", "Orders", "{7F8D99D0-1897-4E56-A22C-C12F7CC8D9E8}"
EndProject
Project("{2150E333-8FDC-42A3-9474-1A3956D46DE8}") = "Payments", "Payments", "{C9E1501D-09D2-40BE-BDE9-56BB8D86CA80}"
EndProject
Project("{2150E333-8FDC-42A3-9474-1A3956D46DE8}") = "Recommendations", "Recommendations", "{4602A57B-4998-4F50-A620-6927EAED5F81}"
EndProject
Project("{2150E333-8FDC-42A3-9474-1A3956D46DE8}") = "Customers", "Customers", "{A6FE389B-3B4B-4BB2-BCCC-DE0FA3480ED7}"
EndProject
Project("{9A19103F-16F7-4668-BE54-9A1E7A4F7556}") = "Modules.Customers.Domain", "Modules.Customers.Domain\Modules.Customers.Domain.csproj", "{58A7B76F-FD86-42C8-A85C-0386BF5737FC}"
EndProject
Project("{9A19103F-16F7-4668-BE54-9A1E7A4F7556}") = "Modules.Customers.Application", "Modules.Customers.Application\Modules.Customers.Application.csproj", "{B3D6FCC2-5844-4979-96D1-8E6E94BB9666}"
EndProject
Project("{9A19103F-16F7-4668-BE54-9A1E7A4F7556}") = "Modules.Inventories.Domain", "Modules.Inventories.Domain\Modules.Inventories.Domain.csproj", "{2F7F6044-16CB-419D-BFD4-68A57FCA2A82}"
EndProject
Project("{9A19103F-16F7-4668-BE54-9A1E7A4F7556}") = "Modules.Inventories.Application", "Modules.Inventories.Application\Modules.Inventories.Application.csproj", "{8CD5DE36-B2D6-489A-8999-2F7778F2C401}"
EndProject
Project("{9A19103F-16F7-4668-BE54-9A1E7A4F7556}") = "Modules.Notifications.Application", "Modules.Notifications.Application\Modules.Notifications.Application.csproj", "{F69CC025-0163-4671-A38E-30E02AAE8EBC}"
EndProject
Project("{9A19103F-16F7-4668-BE54-9A1E7A4F7556}") = "Modules.Notifications.Domain", "Modules.Notifications.Domain\Modules.Notifications.Domain.csproj", "{EBB375F1-7E31-4A7A-BAC0-B35323560379}"
EndProject
Project("{9A19103F-16F7-4668-BE54-9A1E7A4F7556}") = "Modules.Orders.Application", "Modules.Orders.Application\Modules.Orders.Application.csproj", "{87857F2D-D68A-422C-A24C-FFB2CF59B5A2}"
EndProject
Project("{9A19103F-16F7-4668-BE54-9A1E7A4F7556}") = "Modules.Orders.Domain", "Modules.Orders.Domain\Modules.Orders.Domain.csproj", "{21BE0052-B97F-4385-BB3B-DA47A42E48BA}"
EndProject
Project("{9A19103F-16F7-4668-BE54-9A1E7A4F7556}") = "Modules.Payments.Application", "Modules.Payments.Application\Modules.Payments.Application.csproj", "{681685C1-FBAA-4A28-880A-3FD35C43F0D7}"
EndProject
Project("{9A19103F-16F7-4668-BE54-9A1E7A4F7556}") = "Modules.Payments.Domain", "Modules.Payments.Domain\Modules.Payments.Domain.csproj", "{08B31778-3F77-4B49-9071-A791FFE86077}"
EndProject
Project("{9A19103F-16F7-4668-BE54-9A1E7A4F7556}") = "SharedKernel", "SharedKernel\SharedKernel.csproj", "{A1A8A4A1-5483-4D8F-BF51-B84E65CA7652}"
EndProject
Project("{9A19103F-16F7-4668-BE54-9A1E7A4F7556}") = "Modules.Customers.Api", "Modules.Customers.Api\Modules.Customers.Api.csproj", "{1D044F7E-D563-4E0F-8ED0-617B6E6DB181}"
EndProject
Project("{9A19103F-16F7-4668-BE54-9A1E7A4F7556}") = "Modules.Customers.Persistence", "Modules.Customers.Persistence\Modules.Customers.Persistence.csproj", "{9A3704E4-A9F4-405C-A7EB-E655E1AFD55C}"
EndProject
Project("{9A19103F-16F7-4668-BE54-9A1E7A4F7556}") = "Modules.Customers.Infrastructure", "Modules.Customers.Infrastructure\Modules.Customers.Infrastructure.csproj", "{420F634F-6EAC-469F-A8F8-D948A8BE049D}"
EndProject
Project("{9A19103F-16F7-4668-BE54-9A1E7A4F7556}") = "Modules.Payments.Api", "Modules.Payments.Api\Modules.Payments.Api.csproj", "{FD2F0440-D47C-4DE5-8A24-C841385CC657}"
EndProject
Project("{9A19103F-16F7-4668-BE54-9A1E7A4F7556}") = "Modules.Payments.Infrastructure", "Modules.Payments.Infrastructure\Modules.Payments.Infrastructure.csproj", "{D5F218FE-6E95-43E6-9CD6-239938B4C70B}"
EndProject
Project("{9A19103F-16F7-4668-BE54-9A1E7A4F7556}") = "Modules.Inventories.Api", "Modules.Inventories.Api\Modules.Inventories.Api.csproj", "{81861354-7BFB-4CBD-9A08-A38018F0CAFD}"
EndProject
Project("{9A19103F-16F7-4668-BE54-9A1E7A4F7556}") = "Modules.Inventories.Infrastructure", "Modules.Inventories.Infrastructure\Modules.Inventories.Infrastructure.csproj", "{0F8379EC-0CC4-4E42-BBFC-DE825BDDDA62}"
EndProject
Project("{9A19103F-16F7-4668-BE54-9A1E7A4F7556}") = "Modules.Inventories.Persistence", "Modules.Inventories.Persistence\Modules.Inventories.Persistence.csproj", "{042F1DF8-5B1E-418B-B60F-BCF44B2442F7}"
EndProject
Project("{9A19103F-16F7-4668-BE54-9A1E7A4F7556}") = "Modules.Notifications.Infrastructure", "Modules.Notifications.Infrastructure\Modules.Notifications.Infrastructure.csproj", "{C15D8291-BAFC-4F47-8006-7B84481FD67D}"
EndProject
Project("{9A19103F-16F7-4668-BE54-9A1E7A4F7556}") = "Modules.Orders.Persistence", "Modules.Orders.Persistence\Modules.Orders.Persistence.csproj", "{1EF37DF2-A148-4C6C-B386-78BB997F32E1}"
EndProject
Project("{9A19103F-16F7-4668-BE54-9A1E7A4F7556}") = "Modules.Orders.Infrastructure", "Modules.Orders.Infrastructure\Modules.Orders.Infrastructure.csproj", "{5E748795-2E71-44A4-9A47-FDC956683027}"
EndProject
Project("{9A19103F-16F7-4668-BE54-9A1E7A4F7556}") = "Modules.Orders.Api", "Modules.Orders.Api\Modules.Orders.Api.csproj", "{F56CF6C3-2879-426C-A574-45C71038BCD0}"
EndProject
Project("{9A19103F-16F7-4668-BE54-9A1E7A4F7556}") = "Modules.Orders.IntegrationEvents", "..\Modules.Orders.Test\Modules.Orders.IntegrationEvents.csproj", "{D89DB5C5-6309-411D-B1C7-15CC3D7EF68A}"
EndProject
Project("{9A19103F-16F7-4668-BE54-9A1E7A4F7556}") = "Modules.Notifications.Api", "Modules.Notification.Api\Modules.Notifications.Api.csproj", "{1504310E-F0FA-4647-9366-AA0513F37017}"
EndProject
Project("{9A19103F-16F7-4668-BE54-9A1E7A4F7556}") = "Modules.Payments.IntegrationEvents", "Modules.Payments.IntegrationEvents\Modules.Payments.IntegrationEvents.csproj", "{27919778-6B5C-4DFB-B0D2-00021721D365}"
EndProject
Project("{9A19103F-16F7-4668-BE54-9A1E7A4F7556}") = "Modules.Inventories.IntegrationEvents", "Modules.Inventories.IntegrationEvents\Modules.Inventories.IntegrationEvents.csproj", "{457F91C9-6AE5-4781-8955-9DA7BB8FAAEC}"
EndProject
Project("{9A19103F-16F7-4668-BE54-9A1E7A4F7556}") = "Modules.Notifications.IntegrationEvents", "Modules.Notifications.IntegrationEvents\Modules.Notifications.IntegrationEvents.csproj", "{B9362F16-B0CD-450C-AFFC-07457482B472}"
EndProject
Project("{E53339B2-1760-4266-BCC7-CA923CBCF16C}") = "docker-compose", "docker-compose.dcproj", "{3DF43F27-9D03-4D50-92CF-9BAF9A5082D2}"
EndProject
Project("{2150E333-8FDC-42A3-9474-1A3956D46DE8}") = "Tests", "Tests", "{7DFC3ECB-6536-4B86-963B-9224E87FDCB0}"
EndProject
Project("{9A19103F-16F7-4668-BE54-9A1E7A4F7556}") = "Orders.Application.IntegrationTests", "..\Orders.Application.IntegrationTests\Orders.Application.IntegrationTests.csproj", "{AB2A3A89-E3DC-43FB-9AA4-7CF84C8AD62E}"
EndProject
Project("{FAE04EC0-301F-11D3-BF4B-00C04F79EFBC}") = "Core.IntegrationTests", "..\Core.IntegrationTests\Core.IntegrationTests.csproj", "{0DC8666F-4811-43BF-A2DD-699FC460FDC3}"
EndProject
Project("{FAE04EC0-301F-11D3-BF4B-00C04F79EFBC}") = "Orders.Api.IntegrationTests", "..\Orders.Api.IntegrationTests\Orders.Api.IntegrationTests.csproj", "{5772C79E-418C-42CA-BEE1-9CB98432CAE5}"
EndProject
Global
	GlobalSection(SolutionConfigurationPlatforms) = preSolution
		Debug|Any CPU = Debug|Any CPU
		Release|Any CPU = Release|Any CPU
	EndGlobalSection
	GlobalSection(ProjectConfigurationPlatforms) = postSolution
		{7671A419-A484-4E5B-BC32-15D89A73C197}.Debug|Any CPU.ActiveCfg = Debug|Any CPU
		{7671A419-A484-4E5B-BC32-15D89A73C197}.Debug|Any CPU.Build.0 = Debug|Any CPU
		{7671A419-A484-4E5B-BC32-15D89A73C197}.Release|Any CPU.ActiveCfg = Release|Any CPU
		{7671A419-A484-4E5B-BC32-15D89A73C197}.Release|Any CPU.Build.0 = Release|Any CPU
		{58A7B76F-FD86-42C8-A85C-0386BF5737FC}.Debug|Any CPU.ActiveCfg = Debug|Any CPU
		{58A7B76F-FD86-42C8-A85C-0386BF5737FC}.Debug|Any CPU.Build.0 = Debug|Any CPU
		{58A7B76F-FD86-42C8-A85C-0386BF5737FC}.Release|Any CPU.ActiveCfg = Release|Any CPU
		{58A7B76F-FD86-42C8-A85C-0386BF5737FC}.Release|Any CPU.Build.0 = Release|Any CPU
		{B3D6FCC2-5844-4979-96D1-8E6E94BB9666}.Debug|Any CPU.ActiveCfg = Debug|Any CPU
		{B3D6FCC2-5844-4979-96D1-8E6E94BB9666}.Debug|Any CPU.Build.0 = Debug|Any CPU
		{B3D6FCC2-5844-4979-96D1-8E6E94BB9666}.Release|Any CPU.ActiveCfg = Release|Any CPU
		{B3D6FCC2-5844-4979-96D1-8E6E94BB9666}.Release|Any CPU.Build.0 = Release|Any CPU
		{2F7F6044-16CB-419D-BFD4-68A57FCA2A82}.Debug|Any CPU.ActiveCfg = Debug|Any CPU
		{2F7F6044-16CB-419D-BFD4-68A57FCA2A82}.Debug|Any CPU.Build.0 = Debug|Any CPU
		{2F7F6044-16CB-419D-BFD4-68A57FCA2A82}.Release|Any CPU.ActiveCfg = Release|Any CPU
		{2F7F6044-16CB-419D-BFD4-68A57FCA2A82}.Release|Any CPU.Build.0 = Release|Any CPU
		{8CD5DE36-B2D6-489A-8999-2F7778F2C401}.Debug|Any CPU.ActiveCfg = Debug|Any CPU
		{8CD5DE36-B2D6-489A-8999-2F7778F2C401}.Debug|Any CPU.Build.0 = Debug|Any CPU
		{8CD5DE36-B2D6-489A-8999-2F7778F2C401}.Release|Any CPU.ActiveCfg = Release|Any CPU
		{8CD5DE36-B2D6-489A-8999-2F7778F2C401}.Release|Any CPU.Build.0 = Release|Any CPU
		{F69CC025-0163-4671-A38E-30E02AAE8EBC}.Debug|Any CPU.ActiveCfg = Debug|Any CPU
		{F69CC025-0163-4671-A38E-30E02AAE8EBC}.Debug|Any CPU.Build.0 = Debug|Any CPU
		{F69CC025-0163-4671-A38E-30E02AAE8EBC}.Release|Any CPU.ActiveCfg = Release|Any CPU
		{F69CC025-0163-4671-A38E-30E02AAE8EBC}.Release|Any CPU.Build.0 = Release|Any CPU
		{EBB375F1-7E31-4A7A-BAC0-B35323560379}.Debug|Any CPU.ActiveCfg = Debug|Any CPU
		{EBB375F1-7E31-4A7A-BAC0-B35323560379}.Debug|Any CPU.Build.0 = Debug|Any CPU
		{EBB375F1-7E31-4A7A-BAC0-B35323560379}.Release|Any CPU.ActiveCfg = Release|Any CPU
		{EBB375F1-7E31-4A7A-BAC0-B35323560379}.Release|Any CPU.Build.0 = Release|Any CPU
		{87857F2D-D68A-422C-A24C-FFB2CF59B5A2}.Debug|Any CPU.ActiveCfg = Debug|Any CPU
		{87857F2D-D68A-422C-A24C-FFB2CF59B5A2}.Debug|Any CPU.Build.0 = Debug|Any CPU
		{87857F2D-D68A-422C-A24C-FFB2CF59B5A2}.Release|Any CPU.ActiveCfg = Release|Any CPU
		{87857F2D-D68A-422C-A24C-FFB2CF59B5A2}.Release|Any CPU.Build.0 = Release|Any CPU
		{21BE0052-B97F-4385-BB3B-DA47A42E48BA}.Debug|Any CPU.ActiveCfg = Debug|Any CPU
		{21BE0052-B97F-4385-BB3B-DA47A42E48BA}.Debug|Any CPU.Build.0 = Debug|Any CPU
		{21BE0052-B97F-4385-BB3B-DA47A42E48BA}.Release|Any CPU.ActiveCfg = Release|Any CPU
		{21BE0052-B97F-4385-BB3B-DA47A42E48BA}.Release|Any CPU.Build.0 = Release|Any CPU
		{681685C1-FBAA-4A28-880A-3FD35C43F0D7}.Debug|Any CPU.ActiveCfg = Debug|Any CPU
		{681685C1-FBAA-4A28-880A-3FD35C43F0D7}.Debug|Any CPU.Build.0 = Debug|Any CPU
		{681685C1-FBAA-4A28-880A-3FD35C43F0D7}.Release|Any CPU.ActiveCfg = Release|Any CPU
		{681685C1-FBAA-4A28-880A-3FD35C43F0D7}.Release|Any CPU.Build.0 = Release|Any CPU
		{08B31778-3F77-4B49-9071-A791FFE86077}.Debug|Any CPU.ActiveCfg = Debug|Any CPU
		{08B31778-3F77-4B49-9071-A791FFE86077}.Debug|Any CPU.Build.0 = Debug|Any CPU
		{08B31778-3F77-4B49-9071-A791FFE86077}.Release|Any CPU.ActiveCfg = Release|Any CPU
		{08B31778-3F77-4B49-9071-A791FFE86077}.Release|Any CPU.Build.0 = Release|Any CPU
		{A1A8A4A1-5483-4D8F-BF51-B84E65CA7652}.Debug|Any CPU.ActiveCfg = Debug|Any CPU
		{A1A8A4A1-5483-4D8F-BF51-B84E65CA7652}.Debug|Any CPU.Build.0 = Debug|Any CPU
		{A1A8A4A1-5483-4D8F-BF51-B84E65CA7652}.Release|Any CPU.ActiveCfg = Release|Any CPU
		{A1A8A4A1-5483-4D8F-BF51-B84E65CA7652}.Release|Any CPU.Build.0 = Release|Any CPU
		{1D044F7E-D563-4E0F-8ED0-617B6E6DB181}.Debug|Any CPU.ActiveCfg = Debug|Any CPU
		{1D044F7E-D563-4E0F-8ED0-617B6E6DB181}.Debug|Any CPU.Build.0 = Debug|Any CPU
		{1D044F7E-D563-4E0F-8ED0-617B6E6DB181}.Release|Any CPU.ActiveCfg = Release|Any CPU
		{1D044F7E-D563-4E0F-8ED0-617B6E6DB181}.Release|Any CPU.Build.0 = Release|Any CPU
		{9A3704E4-A9F4-405C-A7EB-E655E1AFD55C}.Debug|Any CPU.ActiveCfg = Debug|Any CPU
		{9A3704E4-A9F4-405C-A7EB-E655E1AFD55C}.Debug|Any CPU.Build.0 = Debug|Any CPU
		{9A3704E4-A9F4-405C-A7EB-E655E1AFD55C}.Release|Any CPU.ActiveCfg = Release|Any CPU
		{9A3704E4-A9F4-405C-A7EB-E655E1AFD55C}.Release|Any CPU.Build.0 = Release|Any CPU
		{420F634F-6EAC-469F-A8F8-D948A8BE049D}.Debug|Any CPU.ActiveCfg = Debug|Any CPU
		{420F634F-6EAC-469F-A8F8-D948A8BE049D}.Debug|Any CPU.Build.0 = Debug|Any CPU
		{420F634F-6EAC-469F-A8F8-D948A8BE049D}.Release|Any CPU.ActiveCfg = Release|Any CPU
		{420F634F-6EAC-469F-A8F8-D948A8BE049D}.Release|Any CPU.Build.0 = Release|Any CPU
		{FD2F0440-D47C-4DE5-8A24-C841385CC657}.Debug|Any CPU.ActiveCfg = Debug|Any CPU
		{FD2F0440-D47C-4DE5-8A24-C841385CC657}.Debug|Any CPU.Build.0 = Debug|Any CPU
		{FD2F0440-D47C-4DE5-8A24-C841385CC657}.Release|Any CPU.ActiveCfg = Release|Any CPU
		{FD2F0440-D47C-4DE5-8A24-C841385CC657}.Release|Any CPU.Build.0 = Release|Any CPU
		{D5F218FE-6E95-43E6-9CD6-239938B4C70B}.Debug|Any CPU.ActiveCfg = Debug|Any CPU
		{D5F218FE-6E95-43E6-9CD6-239938B4C70B}.Debug|Any CPU.Build.0 = Debug|Any CPU
		{D5F218FE-6E95-43E6-9CD6-239938B4C70B}.Release|Any CPU.ActiveCfg = Release|Any CPU
		{D5F218FE-6E95-43E6-9CD6-239938B4C70B}.Release|Any CPU.Build.0 = Release|Any CPU
		{81861354-7BFB-4CBD-9A08-A38018F0CAFD}.Debug|Any CPU.ActiveCfg = Debug|Any CPU
		{81861354-7BFB-4CBD-9A08-A38018F0CAFD}.Debug|Any CPU.Build.0 = Debug|Any CPU
		{81861354-7BFB-4CBD-9A08-A38018F0CAFD}.Release|Any CPU.ActiveCfg = Release|Any CPU
		{81861354-7BFB-4CBD-9A08-A38018F0CAFD}.Release|Any CPU.Build.0 = Release|Any CPU
		{0F8379EC-0CC4-4E42-BBFC-DE825BDDDA62}.Debug|Any CPU.ActiveCfg = Debug|Any CPU
		{0F8379EC-0CC4-4E42-BBFC-DE825BDDDA62}.Debug|Any CPU.Build.0 = Debug|Any CPU
		{0F8379EC-0CC4-4E42-BBFC-DE825BDDDA62}.Release|Any CPU.ActiveCfg = Release|Any CPU
		{0F8379EC-0CC4-4E42-BBFC-DE825BDDDA62}.Release|Any CPU.Build.0 = Release|Any CPU
		{042F1DF8-5B1E-418B-B60F-BCF44B2442F7}.Debug|Any CPU.ActiveCfg = Debug|Any CPU
		{042F1DF8-5B1E-418B-B60F-BCF44B2442F7}.Debug|Any CPU.Build.0 = Debug|Any CPU
		{042F1DF8-5B1E-418B-B60F-BCF44B2442F7}.Release|Any CPU.ActiveCfg = Release|Any CPU
		{042F1DF8-5B1E-418B-B60F-BCF44B2442F7}.Release|Any CPU.Build.0 = Release|Any CPU
		{C15D8291-BAFC-4F47-8006-7B84481FD67D}.Debug|Any CPU.ActiveCfg = Debug|Any CPU
		{C15D8291-BAFC-4F47-8006-7B84481FD67D}.Debug|Any CPU.Build.0 = Debug|Any CPU
		{C15D8291-BAFC-4F47-8006-7B84481FD67D}.Release|Any CPU.ActiveCfg = Release|Any CPU
		{C15D8291-BAFC-4F47-8006-7B84481FD67D}.Release|Any CPU.Build.0 = Release|Any CPU
		{1EF37DF2-A148-4C6C-B386-78BB997F32E1}.Debug|Any CPU.ActiveCfg = Debug|Any CPU
		{1EF37DF2-A148-4C6C-B386-78BB997F32E1}.Debug|Any CPU.Build.0 = Debug|Any CPU
		{1EF37DF2-A148-4C6C-B386-78BB997F32E1}.Release|Any CPU.ActiveCfg = Release|Any CPU
		{1EF37DF2-A148-4C6C-B386-78BB997F32E1}.Release|Any CPU.Build.0 = Release|Any CPU
		{5E748795-2E71-44A4-9A47-FDC956683027}.Debug|Any CPU.ActiveCfg = Debug|Any CPU
		{5E748795-2E71-44A4-9A47-FDC956683027}.Debug|Any CPU.Build.0 = Debug|Any CPU
		{5E748795-2E71-44A4-9A47-FDC956683027}.Release|Any CPU.ActiveCfg = Release|Any CPU
		{5E748795-2E71-44A4-9A47-FDC956683027}.Release|Any CPU.Build.0 = Release|Any CPU
		{F56CF6C3-2879-426C-A574-45C71038BCD0}.Debug|Any CPU.ActiveCfg = Debug|Any CPU
		{F56CF6C3-2879-426C-A574-45C71038BCD0}.Debug|Any CPU.Build.0 = Debug|Any CPU
		{F56CF6C3-2879-426C-A574-45C71038BCD0}.Release|Any CPU.ActiveCfg = Release|Any CPU
		{F56CF6C3-2879-426C-A574-45C71038BCD0}.Release|Any CPU.Build.0 = Release|Any CPU
		{D89DB5C5-6309-411D-B1C7-15CC3D7EF68A}.Debug|Any CPU.ActiveCfg = Debug|Any CPU
		{D89DB5C5-6309-411D-B1C7-15CC3D7EF68A}.Debug|Any CPU.Build.0 = Debug|Any CPU
		{D89DB5C5-6309-411D-B1C7-15CC3D7EF68A}.Release|Any CPU.ActiveCfg = Release|Any CPU
		{D89DB5C5-6309-411D-B1C7-15CC3D7EF68A}.Release|Any CPU.Build.0 = Release|Any CPU
		{1504310E-F0FA-4647-9366-AA0513F37017}.Debug|Any CPU.ActiveCfg = Debug|Any CPU
		{1504310E-F0FA-4647-9366-AA0513F37017}.Debug|Any CPU.Build.0 = Debug|Any CPU
		{1504310E-F0FA-4647-9366-AA0513F37017}.Release|Any CPU.ActiveCfg = Release|Any CPU
		{1504310E-F0FA-4647-9366-AA0513F37017}.Release|Any CPU.Build.0 = Release|Any CPU
		{27919778-6B5C-4DFB-B0D2-00021721D365}.Debug|Any CPU.ActiveCfg = Debug|Any CPU
		{27919778-6B5C-4DFB-B0D2-00021721D365}.Debug|Any CPU.Build.0 = Debug|Any CPU
		{27919778-6B5C-4DFB-B0D2-00021721D365}.Release|Any CPU.ActiveCfg = Release|Any CPU
		{27919778-6B5C-4DFB-B0D2-00021721D365}.Release|Any CPU.Build.0 = Release|Any CPU
		{457F91C9-6AE5-4781-8955-9DA7BB8FAAEC}.Debug|Any CPU.ActiveCfg = Debug|Any CPU
		{457F91C9-6AE5-4781-8955-9DA7BB8FAAEC}.Debug|Any CPU.Build.0 = Debug|Any CPU
		{457F91C9-6AE5-4781-8955-9DA7BB8FAAEC}.Release|Any CPU.ActiveCfg = Release|Any CPU
		{457F91C9-6AE5-4781-8955-9DA7BB8FAAEC}.Release|Any CPU.Build.0 = Release|Any CPU
		{B9362F16-B0CD-450C-AFFC-07457482B472}.Debug|Any CPU.ActiveCfg = Debug|Any CPU
		{B9362F16-B0CD-450C-AFFC-07457482B472}.Debug|Any CPU.Build.0 = Debug|Any CPU
		{B9362F16-B0CD-450C-AFFC-07457482B472}.Release|Any CPU.ActiveCfg = Release|Any CPU
		{B9362F16-B0CD-450C-AFFC-07457482B472}.Release|Any CPU.Build.0 = Release|Any CPU
		{3DF43F27-9D03-4D50-92CF-9BAF9A5082D2}.Debug|Any CPU.ActiveCfg = Debug|Any CPU
		{3DF43F27-9D03-4D50-92CF-9BAF9A5082D2}.Debug|Any CPU.Build.0 = Debug|Any CPU
		{3DF43F27-9D03-4D50-92CF-9BAF9A5082D2}.Release|Any CPU.ActiveCfg = Release|Any CPU
		{3DF43F27-9D03-4D50-92CF-9BAF9A5082D2}.Release|Any CPU.Build.0 = Release|Any CPU
		{AB2A3A89-E3DC-43FB-9AA4-7CF84C8AD62E}.Debug|Any CPU.ActiveCfg = Debug|Any CPU
		{AB2A3A89-E3DC-43FB-9AA4-7CF84C8AD62E}.Debug|Any CPU.Build.0 = Debug|Any CPU
		{AB2A3A89-E3DC-43FB-9AA4-7CF84C8AD62E}.Release|Any CPU.ActiveCfg = Release|Any CPU
		{AB2A3A89-E3DC-43FB-9AA4-7CF84C8AD62E}.Release|Any CPU.Build.0 = Release|Any CPU
		{0DC8666F-4811-43BF-A2DD-699FC460FDC3}.Debug|Any CPU.ActiveCfg = Debug|Any CPU
		{0DC8666F-4811-43BF-A2DD-699FC460FDC3}.Debug|Any CPU.Build.0 = Debug|Any CPU
		{0DC8666F-4811-43BF-A2DD-699FC460FDC3}.Release|Any CPU.ActiveCfg = Release|Any CPU
		{0DC8666F-4811-43BF-A2DD-699FC460FDC3}.Release|Any CPU.Build.0 = Release|Any CPU
		{5772C79E-418C-42CA-BEE1-9CB98432CAE5}.Debug|Any CPU.ActiveCfg = Debug|Any CPU
		{5772C79E-418C-42CA-BEE1-9CB98432CAE5}.Debug|Any CPU.Build.0 = Debug|Any CPU
		{5772C79E-418C-42CA-BEE1-9CB98432CAE5}.Release|Any CPU.ActiveCfg = Release|Any CPU
		{5772C79E-418C-42CA-BEE1-9CB98432CAE5}.Release|Any CPU.Build.0 = Release|Any CPU
	EndGlobalSection
	GlobalSection(SolutionProperties) = preSolution
		HideSolutionNode = FALSE
	EndGlobalSection
	GlobalSection(NestedProjects) = preSolution
		{EB57D2B8-5E74-4F31-8844-CD267C22A54E} = {04F94A8B-D372-4243-A383-DE732F4ED289}
		{868576CA-D0F0-41D7-9BA2-CAA4A4F81FE3} = {04F94A8B-D372-4243-A383-DE732F4ED289}
		{7F8D99D0-1897-4E56-A22C-C12F7CC8D9E8} = {04F94A8B-D372-4243-A383-DE732F4ED289}
		{C9E1501D-09D2-40BE-BDE9-56BB8D86CA80} = {04F94A8B-D372-4243-A383-DE732F4ED289}
		{4602A57B-4998-4F50-A620-6927EAED5F81} = {04F94A8B-D372-4243-A383-DE732F4ED289}
		{A6FE389B-3B4B-4BB2-BCCC-DE0FA3480ED7} = {04F94A8B-D372-4243-A383-DE732F4ED289}
		{58A7B76F-FD86-42C8-A85C-0386BF5737FC} = {A6FE389B-3B4B-4BB2-BCCC-DE0FA3480ED7}
		{B3D6FCC2-5844-4979-96D1-8E6E94BB9666} = {A6FE389B-3B4B-4BB2-BCCC-DE0FA3480ED7}
		{2F7F6044-16CB-419D-BFD4-68A57FCA2A82} = {EB57D2B8-5E74-4F31-8844-CD267C22A54E}
		{8CD5DE36-B2D6-489A-8999-2F7778F2C401} = {EB57D2B8-5E74-4F31-8844-CD267C22A54E}
		{F69CC025-0163-4671-A38E-30E02AAE8EBC} = {868576CA-D0F0-41D7-9BA2-CAA4A4F81FE3}
		{EBB375F1-7E31-4A7A-BAC0-B35323560379} = {868576CA-D0F0-41D7-9BA2-CAA4A4F81FE3}
		{87857F2D-D68A-422C-A24C-FFB2CF59B5A2} = {7F8D99D0-1897-4E56-A22C-C12F7CC8D9E8}
		{21BE0052-B97F-4385-BB3B-DA47A42E48BA} = {7F8D99D0-1897-4E56-A22C-C12F7CC8D9E8}
		{681685C1-FBAA-4A28-880A-3FD35C43F0D7} = {C9E1501D-09D2-40BE-BDE9-56BB8D86CA80}
		{08B31778-3F77-4B49-9071-A791FFE86077} = {C9E1501D-09D2-40BE-BDE9-56BB8D86CA80}
		{1D044F7E-D563-4E0F-8ED0-617B6E6DB181} = {A6FE389B-3B4B-4BB2-BCCC-DE0FA3480ED7}
		{9A3704E4-A9F4-405C-A7EB-E655E1AFD55C} = {A6FE389B-3B4B-4BB2-BCCC-DE0FA3480ED7}
		{420F634F-6EAC-469F-A8F8-D948A8BE049D} = {A6FE389B-3B4B-4BB2-BCCC-DE0FA3480ED7}
		{FD2F0440-D47C-4DE5-8A24-C841385CC657} = {C9E1501D-09D2-40BE-BDE9-56BB8D86CA80}
		{D5F218FE-6E95-43E6-9CD6-239938B4C70B} = {C9E1501D-09D2-40BE-BDE9-56BB8D86CA80}
		{81861354-7BFB-4CBD-9A08-A38018F0CAFD} = {EB57D2B8-5E74-4F31-8844-CD267C22A54E}
		{0F8379EC-0CC4-4E42-BBFC-DE825BDDDA62} = {EB57D2B8-5E74-4F31-8844-CD267C22A54E}
		{042F1DF8-5B1E-418B-B60F-BCF44B2442F7} = {EB57D2B8-5E74-4F31-8844-CD267C22A54E}
		{C15D8291-BAFC-4F47-8006-7B84481FD67D} = {868576CA-D0F0-41D7-9BA2-CAA4A4F81FE3}
		{1EF37DF2-A148-4C6C-B386-78BB997F32E1} = {7F8D99D0-1897-4E56-A22C-C12F7CC8D9E8}
		{5E748795-2E71-44A4-9A47-FDC956683027} = {7F8D99D0-1897-4E56-A22C-C12F7CC8D9E8}
		{F56CF6C3-2879-426C-A574-45C71038BCD0} = {7F8D99D0-1897-4E56-A22C-C12F7CC8D9E8}
		{D89DB5C5-6309-411D-B1C7-15CC3D7EF68A} = {7F8D99D0-1897-4E56-A22C-C12F7CC8D9E8}
		{1504310E-F0FA-4647-9366-AA0513F37017} = {868576CA-D0F0-41D7-9BA2-CAA4A4F81FE3}
		{27919778-6B5C-4DFB-B0D2-00021721D365} = {C9E1501D-09D2-40BE-BDE9-56BB8D86CA80}
		{457F91C9-6AE5-4781-8955-9DA7BB8FAAEC} = {EB57D2B8-5E74-4F31-8844-CD267C22A54E}
		{B9362F16-B0CD-450C-AFFC-07457482B472} = {868576CA-D0F0-41D7-9BA2-CAA4A4F81FE3}
		{AB2A3A89-E3DC-43FB-9AA4-7CF84C8AD62E} = {7DFC3ECB-6536-4B86-963B-9224E87FDCB0}
		{0DC8666F-4811-43BF-A2DD-699FC460FDC3} = {7DFC3ECB-6536-4B86-963B-9224E87FDCB0}
		{5772C79E-418C-42CA-BEE1-9CB98432CAE5} = {7DFC3ECB-6536-4B86-963B-9224E87FDCB0}
	EndGlobalSection
	GlobalSection(ExtensibilityGlobals) = postSolution
		SolutionGuid = {8FA62ADB-A778-484B-8BAB-C80C83CB4D5F}
	EndGlobalSection
EndGlobal
